
Microsoft Visual Studio Solution File, Format Version 12.00
# Visual Studio Version 16
VisualStudioVersion = 16.0.31702.278
MinimumVisualStudioVersion = 10.0.40219.1
Project("{9A19103F-16F7-4668-BE54-9A1E7A4F7556}") = "Entidades", "Entidades\Entidades.csproj", "{025E7BF6-FFD0-4316-B317-6E1FE172D7B4}"
EndProject
Project("{9A19103F-16F7-4668-BE54-9A1E7A4F7556}") = "Pruebas.Unitarias", "Pruebas.Unitarias\Pruebas.Unitarias.csproj", "{CA9BB52A-2D67-444B-B672-7BE985ECCAC6}"
EndProject
Project("{9A19103F-16F7-4668-BE54-9A1E7A4F7556}") = "Test", "Test\Test.csproj", "{D535E293-8F51-4FDE-B4DC-B8087A747A97}"
EndProject
Project("{9A19103F-16F7-4668-BE54-9A1E7A4F7556}") = "Formulario", "Formulario\Formulario.csproj", "{A4D5F7D8-15A8-445B-9648-4A73263EB515}"
EndProject
Project("{2150E333-8FDC-42A3-9474-1A3956D46DE8}") = "TP-04", "TP-04", "{6C8B837E-FB32-4F98-89DA-25F7F87C6BD7}"
EndProject
Global
	GlobalSection(SolutionConfigurationPlatforms) = preSolution
		Debug|Any CPU = Debug|Any CPU
		Release|Any CPU = Release|Any CPU
	EndGlobalSection
	GlobalSection(ProjectConfigurationPlatforms) = postSolution
		{025E7BF6-FFD0-4316-B317-6E1FE172D7B4}.Debug|Any CPU.ActiveCfg = Debug|Any CPU
		{025E7BF6-FFD0-4316-B317-6E1FE172D7B4}.Debug|Any CPU.Build.0 = Debug|Any CPU
		{025E7BF6-FFD0-4316-B317-6E1FE172D7B4}.Release|Any CPU.ActiveCfg = Release|Any CPU
		{025E7BF6-FFD0-4316-B317-6E1FE172D7B4}.Release|Any CPU.Build.0 = Release|Any CPU
		{CA9BB52A-2D67-444B-B672-7BE985ECCAC6}.Debug|Any CPU.ActiveCfg = Debug|Any CPU
		{CA9BB52A-2D67-444B-B672-7BE985ECCAC6}.Debug|Any CPU.Build.0 = Debug|Any CPU
		{CA9BB52A-2D67-444B-B672-7BE985ECCAC6}.Release|Any CPU.ActiveCfg = Release|Any CPU
		{CA9BB52A-2D67-444B-B672-7BE985ECCAC6}.Release|Any CPU.Build.0 = Release|Any CPU
		{D535E293-8F51-4FDE-B4DC-B8087A747A97}.Debug|Any CPU.ActiveCfg = Debug|Any CPU
		{D535E293-8F51-4FDE-B4DC-B8087A747A97}.Debug|Any CPU.Build.0 = Debug|Any CPU
		{D535E293-8F51-4FDE-B4DC-B8087A747A97}.Release|Any CPU.ActiveCfg = Release|Any CPU
		{D535E293-8F51-4FDE-B4DC-B8087A747A97}.Release|Any CPU.Build.0 = Release|Any CPU
		{A4D5F7D8-15A8-445B-9648-4A73263EB515}.Debug|Any CPU.ActiveCfg = Debug|Any CPU
		{A4D5F7D8-15A8-445B-9648-4A73263EB515}.Debug|Any CPU.Build.0 = Debug|Any CPU
		{A4D5F7D8-15A8-445B-9648-4A73263EB515}.Release|Any CPU.ActiveCfg = Release|Any CPU
		{A4D5F7D8-15A8-445B-9648-4A73263EB515}.Release|Any CPU.Build.0 = Release|Any CPU
	EndGlobalSection
	GlobalSection(SolutionProperties) = preSolution
		HideSolutionNode = FALSE
	EndGlobalSection
	GlobalSection(NestedProjects) = preSolution
		{025E7BF6-FFD0-4316-B317-6E1FE172D7B4} = {6C8B837E-FB32-4F98-89DA-25F7F87C6BD7}
		{CA9BB52A-2D67-444B-B672-7BE985ECCAC6} = {6C8B837E-FB32-4F98-89DA-25F7F87C6BD7}
		{D535E293-8F51-4FDE-B4DC-B8087A747A97} = {6C8B837E-FB32-4F98-89DA-25F7F87C6BD7}
		{A4D5F7D8-15A8-445B-9648-4A73263EB515} = {6C8B837E-FB32-4F98-89DA-25F7F87C6BD7}
	EndGlobalSection
	GlobalSection(ExtensibilityGlobals) = postSolution
		SolutionGuid = {E4647C0B-89DE-4BAC-BC30-5AB84EF81919}
	EndGlobalSection
EndGlobal
